
Microsoft Visual Studio Solution File, Format Version 12.00
# Visual Studio Version 17
VisualStudioVersion = 17.0.31903.59
MinimumVisualStudioVersion = 10.0.40219.1
Project("{FAE04EC0-301F-11D3-BF4B-00C04F79EFBC}") = "Lab5z3", "Lab5z3\Lab5z3.csproj", "{DBA889D9-6D5E-47BA-95DE-5AD3D211927B}"
EndProject
Global
	GlobalSection(SolutionConfigurationPlatforms) = preSolution
		Debug|Any CPU = Debug|Any CPU
		Release|Any CPU = Release|Any CPU
	EndGlobalSection
	GlobalSection(ProjectConfigurationPlatforms) = postSolution
		{DBA889D9-6D5E-47BA-95DE-5AD3D211927B}.Debug|Any CPU.ActiveCfg = Debug|Any CPU
		{DBA889D9-6D5E-47BA-95DE-5AD3D211927B}.Debug|Any CPU.Build.0 = Debug|Any CPU
		{DBA889D9-6D5E-47BA-95DE-5AD3D211927B}.Release|Any CPU.ActiveCfg = Release|Any CPU
		{DBA889D9-6D5E-47BA-95DE-5AD3D211927B}.Release|Any CPU.Build.0 = Release|Any CPU
	EndGlobalSection
	GlobalSection(SolutionProperties) = preSolution
		HideSolutionNode = FALSE
	EndGlobalSection
	GlobalSection(ExtensibilityGlobals) = postSolution
		SolutionGuid = {B3F69A28-D052-4001-B112-91E18F58D29B}
	EndGlobalSection
EndGlobal
